
Microsoft Visual Studio Solution File, Format Version 12.00
# Visual Studio Version 16
VisualStudioVersion = 16.0.30907.101
MinimumVisualStudioVersion = 10.0.40219.1
Project("{FAE04EC0-301F-11D3-BF4B-00C04F79EFBC}") = "EvenMoreStrings", "EvenMoreStrings.csproj", "{5E793D44-7CDB-4227-8E62-11F0A2C44DA0}"
EndProject
Global
	GlobalSection(SolutionConfigurationPlatforms) = preSolution
		Debug|Any CPU = Debug|Any CPU
		Release|Any CPU = Release|Any CPU
	EndGlobalSection
	GlobalSection(ProjectConfigurationPlatforms) = postSolution
		{5E793D44-7CDB-4227-8E62-11F0A2C44DA0}.Debug|Any CPU.ActiveCfg = Debug|Any CPU
		{5E793D44-7CDB-4227-8E62-11F0A2C44DA0}.Debug|Any CPU.Build.0 = Debug|Any CPU
		{5E793D44-7CDB-4227-8E62-11F0A2C44DA0}.Release|Any CPU.ActiveCfg = Release|Any CPU
		{5E793D44-7CDB-4227-8E62-11F0A2C44DA0}.Release|Any CPU.Build.0 = Release|Any CPU
	EndGlobalSection
	GlobalSection(SolutionProperties) = preSolution
		HideSolutionNode = FALSE
	EndGlobalSection
	GlobalSection(ExtensibilityGlobals) = postSolution
		SolutionGuid = {7E90345D-8DA5-42F0-9FB6-F06B3CBD92D4}
	EndGlobalSection
EndGlobal
